
Microsoft Visual Studio Solution File, Format Version 12.00
# Visual Studio Version 16
VisualStudioVersion = 16.0.31005.135
MinimumVisualStudioVersion = 10.0.40219.1
Project("{FAE04EC0-301F-11D3-BF4B-00C04F79EFBC}") = "hada-p2", "hada-p2\hada-p2.csproj", "{00A0456D-2C24-4F0D-AF61-BBAEE4B256BE}"
EndProject
Global
	GlobalSection(SolutionConfigurationPlatforms) = preSolution
		Debug|Any CPU = Debug|Any CPU
		Release|Any CPU = Release|Any CPU
	EndGlobalSection
	GlobalSection(ProjectConfigurationPlatforms) = postSolution
		{00A0456D-2C24-4F0D-AF61-BBAEE4B256BE}.Debug|Any CPU.ActiveCfg = Debug|Any CPU
		{00A0456D-2C24-4F0D-AF61-BBAEE4B256BE}.Debug|Any CPU.Build.0 = Debug|Any CPU
		{00A0456D-2C24-4F0D-AF61-BBAEE4B256BE}.Release|Any CPU.ActiveCfg = Release|Any CPU
		{00A0456D-2C24-4F0D-AF61-BBAEE4B256BE}.Release|Any CPU.Build.0 = Release|Any CPU
	EndGlobalSection
	GlobalSection(SolutionProperties) = preSolution
		HideSolutionNode = FALSE
	EndGlobalSection
	GlobalSection(ExtensibilityGlobals) = postSolution
		SolutionGuid = {1EE727E6-E74A-4C1D-A53D-EF758E4D0C26}
	EndGlobalSection
EndGlobal
